// !$*UTF8*$!
{
	archiveVersion = 1;
	classes = {
	};
	objectVersion = 48;
	objects = {

/* Begin PBXBuildFile section */
		71068DC92016E821003F93CA /* CCA.plist in Resources */ = {isa = PBXBuildFile; fileRef = 71068DC82016E821003F93CA /* CCA.plist */; };
		71068E1920184CC7003F93CA /* SHTool.m in Sources */ = {isa = PBXBuildFile; fileRef = 71068E1820184CC7003F93CA /* SHTool.m */; };
		711A0B55202D432200385776 /* SHQRCodeVC.m in Sources */ = {isa = PBXBuildFile; fileRef = 711A0B54202D432200385776 /* SHQRCodeVC.m */; };
		711A0B57202D4ACB00385776 /* sh_scan_bg_image@2x.png in Resources */ = {isa = PBXBuildFile; fileRef = 711A0B56202D4ACB00385776 /* sh_scan_bg_image@2x.png */; };
		711A0B59202D4AEF00385776 /* sh_scan_line_image@2x.png in Resources */ = {isa = PBXBuildFile; fileRef = 711A0B58202D4AEF00385776 /* sh_scan_line_image@2x.png */; };
		711F4E41201AC6C30021620E /* SHAudioSessionTool.m in Sources */ = {isa = PBXBuildFile; fileRef = 711F4E40201AC6C30021620E /* SHAudioSessionTool.m */; };
		711F4E6F201B0FCF0021620E /* SHPhotoHelper.m in Sources */ = {isa = PBXBuildFile; fileRef = 711F4E6E201B0FCF0021620E /* SHPhotoHelper.m */; };
		711F4E72201B108C0021620E /* SHPhotoVC.m in Sources */ = {isa = PBXBuildFile; fileRef = 711F4E71201B108C0021620E /* SHPhotoVC.m */; };
		711F4E76201B149C0021620E /* SHPhotoCell.m in Sources */ = {isa = PBXBuildFile; fileRef = 711F4E74201B149C0021620E /* SHPhotoCell.m */; };
		711F4E77201B149C0021620E /* SHPhotoCell.xib in Resources */ = {isa = PBXBuildFile; fileRef = 711F4E75201B149C0021620E /* SHPhotoCell.xib */; };
		711F4E7B201B151C0021620E /* SHListAlbumCell.m in Sources */ = {isa = PBXBuildFile; fileRef = 711F4E78201B151C0021620E /* SHListAlbumCell.m */; };
		711F4E7C201B151C0021620E /* SHListAlbumCell.xib in Resources */ = {isa = PBXBuildFile; fileRef = 711F4E79201B151C0021620E /* SHListAlbumCell.xib */; };
		711F4E7F201B157E0021620E /* SHBaseAlbum.m in Sources */ = {isa = PBXBuildFile; fileRef = 711F4E7D201B157E0021620E /* SHBaseAlbum.m */; };
		711F4E82201B1A000021620E /* SHRightImageButton.m in Sources */ = {isa = PBXBuildFile; fileRef = 711F4E81201B1A000021620E /* SHRightImageButton.m */; };
		711F4E86201B1BE20021620E /* sh_photo_title_down@2x.png in Resources */ = {isa = PBXBuildFile; fileRef = 711F4E84201B1BE20021620E /* sh_photo_title_down@2x.png */; };
		711F4E87201B1BE20021620E /* sh_photo_title_down@3x.png in Resources */ = {isa = PBXBuildFile; fileRef = 711F4E85201B1BE20021620E /* sh_photo_title_down@3x.png */; };
		711F4E8A201EBB860021620E /* sh_back_arrow@2x.png in Resources */ = {isa = PBXBuildFile; fileRef = 711F4E88201EBB860021620E /* sh_back_arrow@2x.png */; };
		711F4E8B201EBB860021620E /* sh_back_arrow@3x.png in Resources */ = {isa = PBXBuildFile; fileRef = 711F4E89201EBB860021620E /* sh_back_arrow@3x.png */; };
		711F4E90201EBC4B0021620E /* sh_image_unselect@2x.png in Resources */ = {isa = PBXBuildFile; fileRef = 711F4E8C201EBC4A0021620E /* sh_image_unselect@2x.png */; };
		711F4E91201EBC4B0021620E /* sh_image_selected@3x.png in Resources */ = {isa = PBXBuildFile; fileRef = 711F4E8D201EBC4A0021620E /* sh_image_selected@3x.png */; };
		711F4E92201EBC4B0021620E /* sh_image_unselect@3x.png in Resources */ = {isa = PBXBuildFile; fileRef = 711F4E8E201EBC4A0021620E /* sh_image_unselect@3x.png */; };
		711F4E93201EBC4B0021620E /* sh_image_selected@2x.png in Resources */ = {isa = PBXBuildFile; fileRef = 711F4E8F201EBC4B0021620E /* sh_image_selected@2x.png */; };
		711F4F1C201EF4640021620E /* sh_image_camera@3x.png in Resources */ = {isa = PBXBuildFile; fileRef = 711F4F1A201EF4640021620E /* sh_image_camera@3x.png */; };
		711F4F1D201EF4640021620E /* sh_image_camera@2x.png in Resources */ = {isa = PBXBuildFile; fileRef = 711F4F1B201EF4640021620E /* sh_image_camera@2x.png */; };
		716A54C9200F66FE00922596 /* AppDelegate.m in Sources */ = {isa = PBXBuildFile; fileRef = 716A54C8200F66FE00922596 /* AppDelegate.m */; };
		716A54CC200F66FE00922596 /* ViewController.m in Sources */ = {isa = PBXBuildFile; fileRef = 716A54CB200F66FE00922596 /* ViewController.m */; };
		716A54CF200F66FE00922596 /* Main.storyboard in Resources */ = {isa = PBXBuildFile; fileRef = 716A54CD200F66FE00922596 /* Main.storyboard */; };
		716A54D1200F66FE00922596 /* Assets.xcassets in Resources */ = {isa = PBXBuildFile; fileRef = 716A54D0200F66FE00922596 /* Assets.xcassets */; };
		716A54D4200F66FE00922596 /* LaunchScreen.storyboard in Resources */ = {isa = PBXBuildFile; fileRef = 716A54D2200F66FE00922596 /* LaunchScreen.storyboard */; };
		716A54D7200F66FE00922596 /* main.m in Sources */ = {isa = PBXBuildFile; fileRef = 716A54D6200F66FE00922596 /* main.m */; };
		716E32722021BB16005F4100 /* Security.framework in Frameworks */ = {isa = PBXBuildFile; fileRef = 716E32712021BB16005F4100 /* Security.framework */; };
		716E32A02022B1CE005F4100 /* SHCartAnimationTool.m in Sources */ = {isa = PBXBuildFile; fileRef = 716E329F2022B1CE005F4100 /* SHCartAnimationTool.m */; };
		716E34882028143B005F4100 /* SHBaseTestVC.m in Sources */ = {isa = PBXBuildFile; fileRef = 716E34872028143B005F4100 /* SHBaseTestVC.m */; };
		7173D41620106D10004C2A9D /* SHBaseViewController.m in Sources */ = {isa = PBXBuildFile; fileRef = 7173D41220106D10004C2A9D /* SHBaseViewController.m */; };
		7173D41720106D10004C2A9D /* SHBaseToast.m in Sources */ = {isa = PBXBuildFile; fileRef = 7173D41320106D10004C2A9D /* SHBaseToast.m */; };
		7173D41E2010714C004C2A9D /* UIView+XibExtension.m in Sources */ = {isa = PBXBuildFile; fileRef = 7173D41D2010714C004C2A9D /* UIView+XibExtension.m */; };
		7173D42120107DB9004C2A9D /* UIColor+SHExtension.m in Sources */ = {isa = PBXBuildFile; fileRef = 7173D42020107DB9004C2A9D /* UIColor+SHExtension.m */; };
		7173D44A20109B20004C2A9D /* UITableViewCell+SHExtension.m in Sources */ = {isa = PBXBuildFile; fileRef = 7173D44920109B20004C2A9D /* UITableViewCell+SHExtension.m */; };
		7173D44D20109C9A004C2A9D /* UICollectionViewCell+SHExtension.m in Sources */ = {isa = PBXBuildFile; fileRef = 7173D44C20109C9A004C2A9D /* UICollectionViewCell+SHExtension.m */; };
		7173D49C2011B42B004C2A9D /* SHBaseAlert.m in Sources */ = {isa = PBXBuildFile; fileRef = 7173D49B2011B42B004C2A9D /* SHBaseAlert.m */; };
		7173D4A42011BF48004C2A9D /* SHBaseAddressPicker.m in Sources */ = {isa = PBXBuildFile; fileRef = 7173D4A32011BF48004C2A9D /* SHBaseAddressPicker.m */; };
		7173D4AA2011E44F004C2A9D /* SHBaseManager.m in Sources */ = {isa = PBXBuildFile; fileRef = 7173D4A92011E44F004C2A9D /* SHBaseManager.m */; };
		7173D4AD2011E68D004C2A9D /* SHBasePicker.m in Sources */ = {isa = PBXBuildFile; fileRef = 7173D4AC2011E68D004C2A9D /* SHBasePicker.m */; };
		71C460432015C78000DF9E3F /* SHBaseAreaPicker.m in Sources */ = {isa = PBXBuildFile; fileRef = 71C460422015C78000DF9E3F /* SHBaseAreaPicker.m */; };
		71D270102021700100C709AB /* SHBaseKeyChain.m in Sources */ = {isa = PBXBuildFile; fileRef = 71D2700F2021700100C709AB /* SHBaseKeyChain.m */; };
		71D270132021709000C709AB /* SHBaseTextField.m in Sources */ = {isa = PBXBuildFile; fileRef = 71D270122021709000C709AB /* SHBaseTextField.m */; };
		71D270162021714E00C709AB /* SHBaseActionSheet.m in Sources */ = {isa = PBXBuildFile; fileRef = 71D270152021714E00C709AB /* SHBaseActionSheet.m */; };
		94928E6F4C8AB9B0FCBCB152 /* libPods-SHTool.a in Frameworks */ = {isa = PBXBuildFile; fileRef = 573EF6E0790454F7C93EE809 /* libPods-SHTool.a */; };
/* End PBXBuildFile section */

/* Begin PBXFileReference section */
		573EF6E0790454F7C93EE809 /* libPods-SHTool.a */ = {isa = PBXFileReference; explicitFileType = archive.ar; includeInIndex = 0; path = "libPods-SHTool.a"; sourceTree = BUILT_PRODUCTS_DIR; };
		71068DC82016E821003F93CA /* CCA.plist */ = {isa = PBXFileReference; fileEncoding = 4; lastKnownFileType = text.plist.xml; path = CCA.plist; sourceTree = "<group>"; };
		71068E1720184CC7003F93CA /* SHTool.h */ = {isa = PBXFileReference; lastKnownFileType = sourcecode.c.h; path = SHTool.h; sourceTree = "<group>"; };
		71068E1820184CC7003F93CA /* SHTool.m */ = {isa = PBXFileReference; lastKnownFileType = sourcecode.c.objc; path = SHTool.m; sourceTree = "<group>"; };
		711A0B53202D432200385776 /* SHQRCodeVC.h */ = {isa = PBXFileReference; lastKnownFileType = sourcecode.c.h; path = SHQRCodeVC.h; sourceTree = "<group>"; };
		711A0B54202D432200385776 /* SHQRCodeVC.m */ = {isa = PBXFileReference; lastKnownFileType = sourcecode.c.objc; path = SHQRCodeVC.m; sourceTree = "<group>"; };
		711A0B56202D4ACB00385776 /* sh_scan_bg_image@2x.png */ = {isa = PBXFileReference; lastKnownFileType = image.png; path = "sh_scan_bg_image@2x.png"; sourceTree = "<group>"; };
		711A0B58202D4AEF00385776 /* sh_scan_line_image@2x.png */ = {isa = PBXFileReference; lastKnownFileType = image.png; path = "sh_scan_line_image@2x.png"; sourceTree = "<group>"; };
		711F4E3F201AC6C20021620E /* SHAudioSessionTool.h */ = {isa = PBXFileReference; lastKnownFileType = sourcecode.c.h; path = SHAudioSessionTool.h; sourceTree = "<group>"; };
		711F4E40201AC6C30021620E /* SHAudioSessionTool.m */ = {isa = PBXFileReference; lastKnownFileType = sourcecode.c.objc; path = SHAudioSessionTool.m; sourceTree = "<group>"; };
		711F4E6D201B0FCF0021620E /* SHPhotoHelper.h */ = {isa = PBXFileReference; lastKnownFileType = sourcecode.c.h; path = SHPhotoHelper.h; sourceTree = "<group>"; };
		711F4E6E201B0FCF0021620E /* SHPhotoHelper.m */ = {isa = PBXFileReference; lastKnownFileType = sourcecode.c.objc; path = SHPhotoHelper.m; sourceTree = "<group>"; };
		711F4E70201B108C0021620E /* SHPhotoVC.h */ = {isa = PBXFileReference; lastKnownFileType = sourcecode.c.h; path = SHPhotoVC.h; sourceTree = "<group>"; };
		711F4E71201B108C0021620E /* SHPhotoVC.m */ = {isa = PBXFileReference; lastKnownFileType = sourcecode.c.objc; path = SHPhotoVC.m; sourceTree = "<group>"; };
		711F4E73201B149B0021620E /* SHPhotoCell.h */ = {isa = PBXFileReference; fileEncoding = 4; lastKnownFileType = sourcecode.c.h; path = SHPhotoCell.h; sourceTree = "<group>"; };
		711F4E74201B149C0021620E /* SHPhotoCell.m */ = {isa = PBXFileReference; fileEncoding = 4; lastKnownFileType = sourcecode.c.objc; path = SHPhotoCell.m; sourceTree = "<group>"; };
		711F4E75201B149C0021620E /* SHPhotoCell.xib */ = {isa = PBXFileReference; fileEncoding = 4; lastKnownFileType = file.xib; path = SHPhotoCell.xib; sourceTree = "<group>"; };
		711F4E78201B151C0021620E /* SHListAlbumCell.m */ = {isa = PBXFileReference; fileEncoding = 4; lastKnownFileType = sourcecode.c.objc; path = SHListAlbumCell.m; sourceTree = "<group>"; };
		711F4E79201B151C0021620E /* SHListAlbumCell.xib */ = {isa = PBXFileReference; fileEncoding = 4; lastKnownFileType = file.xib; path = SHListAlbumCell.xib; sourceTree = "<group>"; };
		711F4E7A201B151C0021620E /* SHListAlbumCell.h */ = {isa = PBXFileReference; fileEncoding = 4; lastKnownFileType = sourcecode.c.h; path = SHListAlbumCell.h; sourceTree = "<group>"; };
		711F4E7D201B157E0021620E /* SHBaseAlbum.m */ = {isa = PBXFileReference; fileEncoding = 4; lastKnownFileType = sourcecode.c.objc; path = SHBaseAlbum.m; sourceTree = "<group>"; };
		711F4E7E201B157E0021620E /* SHBaseAlbum.h */ = {isa = PBXFileReference; fileEncoding = 4; lastKnownFileType = sourcecode.c.h; path = SHBaseAlbum.h; sourceTree = "<group>"; };
		711F4E80201B1A000021620E /* SHRightImageButton.h */ = {isa = PBXFileReference; lastKnownFileType = sourcecode.c.h; path = SHRightImageButton.h; sourceTree = "<group>"; };
		711F4E81201B1A000021620E /* SHRightImageButton.m */ = {isa = PBXFileReference; lastKnownFileType = sourcecode.c.objc; path = SHRightImageButton.m; sourceTree = "<group>"; };
		711F4E84201B1BE20021620E /* sh_photo_title_down@2x.png */ = {isa = PBXFileReference; lastKnownFileType = image.png; path = "sh_photo_title_down@2x.png"; sourceTree = "<group>"; };
		711F4E85201B1BE20021620E /* sh_photo_title_down@3x.png */ = {isa = PBXFileReference; lastKnownFileType = image.png; path = "sh_photo_title_down@3x.png"; sourceTree = "<group>"; };
		711F4E88201EBB860021620E /* sh_back_arrow@2x.png */ = {isa = PBXFileReference; lastKnownFileType = image.png; path = "sh_back_arrow@2x.png"; sourceTree = "<group>"; };
		711F4E89201EBB860021620E /* sh_back_arrow@3x.png */ = {isa = PBXFileReference; lastKnownFileType = image.png; path = "sh_back_arrow@3x.png"; sourceTree = "<group>"; };
		711F4E8C201EBC4A0021620E /* sh_image_unselect@2x.png */ = {isa = PBXFileReference; lastKnownFileType = image.png; path = "sh_image_unselect@2x.png"; sourceTree = "<group>"; };
		711F4E8D201EBC4A0021620E /* sh_image_selected@3x.png */ = {isa = PBXFileReference; lastKnownFileType = image.png; path = "sh_image_selected@3x.png"; sourceTree = "<group>"; };
		711F4E8E201EBC4A0021620E /* sh_image_unselect@3x.png */ = {isa = PBXFileReference; lastKnownFileType = image.png; path = "sh_image_unselect@3x.png"; sourceTree = "<group>"; };
		711F4E8F201EBC4B0021620E /* sh_image_selected@2x.png */ = {isa = PBXFileReference; lastKnownFileType = image.png; path = "sh_image_selected@2x.png"; sourceTree = "<group>"; };
		711F4F1A201EF4640021620E /* sh_image_camera@3x.png */ = {isa = PBXFileReference; lastKnownFileType = image.png; path = "sh_image_camera@3x.png"; sourceTree = "<group>"; };
		711F4F1B201EF4640021620E /* sh_image_camera@2x.png */ = {isa = PBXFileReference; lastKnownFileType = image.png; path = "sh_image_camera@2x.png"; sourceTree = "<group>"; };
		716A54C4200F66FE00922596 /* SHTool.app */ = {isa = PBXFileReference; explicitFileType = wrapper.application; includeInIndex = 0; path = SHTool.app; sourceTree = BUILT_PRODUCTS_DIR; };
		716A54C7200F66FE00922596 /* AppDelegate.h */ = {isa = PBXFileReference; lastKnownFileType = sourcecode.c.h; path = AppDelegate.h; sourceTree = "<group>"; };
		716A54C8200F66FE00922596 /* AppDelegate.m */ = {isa = PBXFileReference; lastKnownFileType = sourcecode.c.objc; path = AppDelegate.m; sourceTree = "<group>"; };
		716A54CA200F66FE00922596 /* ViewController.h */ = {isa = PBXFileReference; lastKnownFileType = sourcecode.c.h; path = ViewController.h; sourceTree = "<group>"; };
		716A54CB200F66FE00922596 /* ViewController.m */ = {isa = PBXFileReference; lastKnownFileType = sourcecode.c.objc; path = ViewController.m; sourceTree = "<group>"; };
		716A54CE200F66FE00922596 /* Base */ = {isa = PBXFileReference; lastKnownFileType = file.storyboard; name = Base; path = Base.lproj/Main.storyboard; sourceTree = "<group>"; };
		716A54D0200F66FE00922596 /* Assets.xcassets */ = {isa = PBXFileReference; lastKnownFileType = folder.assetcatalog; path = Assets.xcassets; sourceTree = "<group>"; };
		716A54D3200F66FE00922596 /* Base */ = {isa = PBXFileReference; lastKnownFileType = file.storyboard; name = Base; path = Base.lproj/LaunchScreen.storyboard; sourceTree = "<group>"; };
		716A54D5200F66FE00922596 /* Info.plist */ = {isa = PBXFileReference; lastKnownFileType = text.plist.xml; path = Info.plist; sourceTree = "<group>"; };
		716A54D6200F66FE00922596 /* main.m */ = {isa = PBXFileReference; lastKnownFileType = sourcecode.c.objc; path = main.m; sourceTree = "<group>"; };
		716A54E9200F761B00922596 /* UIKit.framework */ = {isa = PBXFileReference; lastKnownFileType = wrapper.framework; name = UIKit.framework; path = System/Library/Frameworks/UIKit.framework; sourceTree = SDKROOT; };
		716E32712021BB16005F4100 /* Security.framework */ = {isa = PBXFileReference; lastKnownFileType = wrapper.framework; name = Security.framework; path = System/Library/Frameworks/Security.framework; sourceTree = SDKROOT; };
		716E329E2022B1CE005F4100 /* SHCartAnimationTool.h */ = {isa = PBXFileReference; lastKnownFileType = sourcecode.c.h; path = SHCartAnimationTool.h; sourceTree = "<group>"; };
		716E329F2022B1CE005F4100 /* SHCartAnimationTool.m */ = {isa = PBXFileReference; lastKnownFileType = sourcecode.c.objc; path = SHCartAnimationTool.m; sourceTree = "<group>"; };
		716E34862028143B005F4100 /* SHBaseTestVC.h */ = {isa = PBXFileReference; fileEncoding = 4; lastKnownFileType = sourcecode.c.h; path = SHBaseTestVC.h; sourceTree = "<group>"; };
		716E34872028143B005F4100 /* SHBaseTestVC.m */ = {isa = PBXFileReference; fileEncoding = 4; lastKnownFileType = sourcecode.c.objc; path = SHBaseTestVC.m; sourceTree = "<group>"; };
		7173D41220106D10004C2A9D /* SHBaseViewController.m */ = {isa = PBXFileReference; fileEncoding = 4; lastKnownFileType = sourcecode.c.objc; path = SHBaseViewController.m; sourceTree = "<group>"; };
		7173D41320106D10004C2A9D /* SHBaseToast.m */ = {isa = PBXFileReference; fileEncoding = 4; lastKnownFileType = sourcecode.c.objc; path = SHBaseToast.m; sourceTree = "<group>"; };
		7173D41420106D10004C2A9D /* SHBaseViewController.h */ = {isa = PBXFileReference; fileEncoding = 4; lastKnownFileType = sourcecode.c.h; path = SHBaseViewController.h; sourceTree = "<group>"; };
		7173D41520106D10004C2A9D /* SHBaseToast.h */ = {isa = PBXFileReference; fileEncoding = 4; lastKnownFileType = sourcecode.c.h; path = SHBaseToast.h; sourceTree = "<group>"; };
		7173D41C2010714C004C2A9D /* UIView+XibExtension.h */ = {isa = PBXFileReference; lastKnownFileType = sourcecode.c.h; path = "UIView+XibExtension.h"; sourceTree = "<group>"; };
		7173D41D2010714C004C2A9D /* UIView+XibExtension.m */ = {isa = PBXFileReference; lastKnownFileType = sourcecode.c.objc; path = "UIView+XibExtension.m"; sourceTree = "<group>"; };
		7173D41F20107DB9004C2A9D /* UIColor+SHExtension.h */ = {isa = PBXFileReference; lastKnownFileType = sourcecode.c.h; path = "UIColor+SHExtension.h"; sourceTree = "<group>"; };
		7173D42020107DB9004C2A9D /* UIColor+SHExtension.m */ = {isa = PBXFileReference; lastKnownFileType = sourcecode.c.objc; path = "UIColor+SHExtension.m"; sourceTree = "<group>"; };
		7173D44820109B20004C2A9D /* UITableViewCell+SHExtension.h */ = {isa = PBXFileReference; lastKnownFileType = sourcecode.c.h; path = "UITableViewCell+SHExtension.h"; sourceTree = "<group>"; };
		7173D44920109B20004C2A9D /* UITableViewCell+SHExtension.m */ = {isa = PBXFileReference; lastKnownFileType = sourcecode.c.objc; path = "UITableViewCell+SHExtension.m"; sourceTree = "<group>"; };
		7173D44B20109C9A004C2A9D /* UICollectionViewCell+SHExtension.h */ = {isa = PBXFileReference; lastKnownFileType = sourcecode.c.h; path = "UICollectionViewCell+SHExtension.h"; sourceTree = "<group>"; };
		7173D44C20109C9A004C2A9D /* UICollectionViewCell+SHExtension.m */ = {isa = PBXFileReference; lastKnownFileType = sourcecode.c.objc; path = "UICollectionViewCell+SHExtension.m"; sourceTree = "<group>"; };
		7173D49A2011B42B004C2A9D /* SHBaseAlert.h */ = {isa = PBXFileReference; lastKnownFileType = sourcecode.c.h; path = SHBaseAlert.h; sourceTree = "<group>"; };
		7173D49B2011B42B004C2A9D /* SHBaseAlert.m */ = {isa = PBXFileReference; lastKnownFileType = sourcecode.c.objc; path = SHBaseAlert.m; sourceTree = "<group>"; };
		7173D4A22011BF48004C2A9D /* SHBaseAddressPicker.h */ = {isa = PBXFileReference; lastKnownFileType = sourcecode.c.h; path = SHBaseAddressPicker.h; sourceTree = "<group>"; };
		7173D4A32011BF48004C2A9D /* SHBaseAddressPicker.m */ = {isa = PBXFileReference; lastKnownFileType = sourcecode.c.objc; path = SHBaseAddressPicker.m; sourceTree = "<group>"; };
		7173D4A82011E44F004C2A9D /* SHBaseManager.h */ = {isa = PBXFileReference; lastKnownFileType = sourcecode.c.h; path = SHBaseManager.h; sourceTree = "<group>"; };
		7173D4A92011E44F004C2A9D /* SHBaseManager.m */ = {isa = PBXFileReference; lastKnownFileType = sourcecode.c.objc; path = SHBaseManager.m; sourceTree = "<group>"; };
		7173D4AB2011E68D004C2A9D /* SHBasePicker.h */ = {isa = PBXFileReference; lastKnownFileType = sourcecode.c.h; path = SHBasePicker.h; sourceTree = "<group>"; };
		7173D4AC2011E68D004C2A9D /* SHBasePicker.m */ = {isa = PBXFileReference; lastKnownFileType = sourcecode.c.objc; path = SHBasePicker.m; sourceTree = "<group>"; };
		71C460412015C78000DF9E3F /* SHBaseAreaPicker.h */ = {isa = PBXFileReference; lastKnownFileType = sourcecode.c.h; path = SHBaseAreaPicker.h; sourceTree = "<group>"; };
		71C460422015C78000DF9E3F /* SHBaseAreaPicker.m */ = {isa = PBXFileReference; lastKnownFileType = sourcecode.c.objc; path = SHBaseAreaPicker.m; sourceTree = "<group>"; };
		71D2700E2021700100C709AB /* SHBaseKeyChain.h */ = {isa = PBXFileReference; lastKnownFileType = sourcecode.c.h; path = SHBaseKeyChain.h; sourceTree = "<group>"; };
		71D2700F2021700100C709AB /* SHBaseKeyChain.m */ = {isa = PBXFileReference; lastKnownFileType = sourcecode.c.objc; path = SHBaseKeyChain.m; sourceTree = "<group>"; };
		71D270112021709000C709AB /* SHBaseTextField.h */ = {isa = PBXFileReference; lastKnownFileType = sourcecode.c.h; path = SHBaseTextField.h; sourceTree = "<group>"; };
		71D270122021709000C709AB /* SHBaseTextField.m */ = {isa = PBXFileReference; lastKnownFileType = sourcecode.c.objc; path = SHBaseTextField.m; sourceTree = "<group>"; };
		71D270142021714E00C709AB /* SHBaseActionSheet.h */ = {isa = PBXFileReference; lastKnownFileType = sourcecode.c.h; path = SHBaseActionSheet.h; sourceTree = "<group>"; };
		71D270152021714E00C709AB /* SHBaseActionSheet.m */ = {isa = PBXFileReference; lastKnownFileType = sourcecode.c.objc; path = SHBaseActionSheet.m; sourceTree = "<group>"; };
		8622654B3B859312F272DFFE /* Pods-SHTool.debug.xcconfig */ = {isa = PBXFileReference; includeInIndex = 1; lastKnownFileType = text.xcconfig; name = "Pods-SHTool.debug.xcconfig"; path = "Pods/Target Support Files/Pods-SHTool/Pods-SHTool.debug.xcconfig"; sourceTree = "<group>"; };
		F1A3EFCE0ABD18F5032D4AB0 /* Pods-SHTool.release.xcconfig */ = {isa = PBXFileReference; includeInIndex = 1; lastKnownFileType = text.xcconfig; name = "Pods-SHTool.release.xcconfig"; path = "Pods/Target Support Files/Pods-SHTool/Pods-SHTool.release.xcconfig"; sourceTree = "<group>"; };
/* End PBXFileReference section */

/* Begin PBXFrameworksBuildPhase section */
		716A54C1200F66FE00922596 /* Frameworks */ = {
			isa = PBXFrameworksBuildPhase;
			buildActionMask = 2147483647;
			files = (
				716E32722021BB16005F4100 /* Security.framework in Frameworks */,
				94928E6F4C8AB9B0FCBCB152 /* libPods-SHTool.a in Frameworks */,
			);
			runOnlyForDeploymentPostprocessing = 0;
		};
/* End PBXFrameworksBuildPhase section */

/* Begin PBXGroup section */
		71068E1620184CBB003F93CA /* Base */ = {
			isa = PBXGroup;
			children = (
				71068E1720184CC7003F93CA /* SHTool.h */,
				71068E1820184CC7003F93CA /* SHTool.m */,
				711F4E3F201AC6C20021620E /* SHAudioSessionTool.h */,
				711F4E40201AC6C30021620E /* SHAudioSessionTool.m */,
				716E329E2022B1CE005F4100 /* SHCartAnimationTool.h */,
				716E329F2022B1CE005F4100 /* SHCartAnimationTool.m */,
			);
			path = Base;
			sourceTree = "<group>";
		};
		711A0B52202D3D0A00385776 /* SHScan */ = {
			isa = PBXGroup;
			children = (
				711A0B53202D432200385776 /* SHQRCodeVC.h */,
				711A0B54202D432200385776 /* SHQRCodeVC.m */,
			);
			name = SHScan;
			path = Function/SHScan;
			sourceTree = "<group>";
		};
		711F4E6B201B0F9E0021620E /* Function */ = {
			isa = PBXGroup;
			children = (
				711F4E6C201B0F9E0021620E /* SHPhoto */,
			);
			path = Function;
			sourceTree = "<group>";
		};
		711F4E6C201B0F9E0021620E /* SHPhoto */ = {
			isa = PBXGroup;
			children = (
				711F4E7E201B157E0021620E /* SHBaseAlbum.h */,
				711F4E7D201B157E0021620E /* SHBaseAlbum.m */,
				711F4E7A201B151C0021620E /* SHListAlbumCell.h */,
				711F4E78201B151C0021620E /* SHListAlbumCell.m */,
				711F4E79201B151C0021620E /* SHListAlbumCell.xib */,
				711F4E73201B149B0021620E /* SHPhotoCell.h */,
				711F4E74201B149C0021620E /* SHPhotoCell.m */,
				711F4E75201B149C0021620E /* SHPhotoCell.xib */,
				711F4E6D201B0FCF0021620E /* SHPhotoHelper.h */,
				711F4E6E201B0FCF0021620E /* SHPhotoHelper.m */,
				711F4E70201B108C0021620E /* SHPhotoVC.h */,
				711F4E71201B108C0021620E /* SHPhotoVC.m */,
			);
			path = SHPhoto;
			sourceTree = "<group>";
		};
		711F4E83201B1BE20021620E /* Images */ = {
			isa = PBXGroup;
			children = (
				711A0B58202D4AEF00385776 /* sh_scan_line_image@2x.png */,
				711A0B56202D4ACB00385776 /* sh_scan_bg_image@2x.png */,
				711F4F1B201EF4640021620E /* sh_image_camera@2x.png */,
				711F4F1A201EF4640021620E /* sh_image_camera@3x.png */,
				711F4E8F201EBC4B0021620E /* sh_image_selected@2x.png */,
				711F4E8D201EBC4A0021620E /* sh_image_selected@3x.png */,
				711F4E8C201EBC4A0021620E /* sh_image_unselect@2x.png */,
				711F4E8E201EBC4A0021620E /* sh_image_unselect@3x.png */,
				711F4E88201EBB860021620E /* sh_back_arrow@2x.png */,
				711F4E89201EBB860021620E /* sh_back_arrow@3x.png */,
				711F4E84201B1BE20021620E /* sh_photo_title_down@2x.png */,
				711F4E85201B1BE20021620E /* sh_photo_title_down@3x.png */,
			);
			path = Images;
			sourceTree = "<group>";
		};
		716A54BB200F66FE00922596 = {
			isa = PBXGroup;
			children = (
				716A54C6200F66FE00922596 /* SHTool */,
				716A54C5200F66FE00922596 /* Products */,
				D964057CF2190CFCE700C083 /* Pods */,
				99D90F756B37D19DBFF8FB55 /* Frameworks */,
			);
			sourceTree = "<group>";
		};
		716A54C5200F66FE00922596 /* Products */ = {
			isa = PBXGroup;
			children = (
				716A54C4200F66FE00922596 /* SHTool.app */,
			);
			name = Products;
			sourceTree = "<group>";
		};
		716A54C6200F66FE00922596 /* SHTool */ = {
			isa = PBXGroup;
			children = (
				716E3481202813D0005F4100 /* Apps */,
				716A54E1200F6E8900922596 /* SHBase */,
				716A54C7200F66FE00922596 /* AppDelegate.h */,
				716A54C8200F66FE00922596 /* AppDelegate.m */,
				716A54CA200F66FE00922596 /* ViewController.h */,
				716A54CB200F66FE00922596 /* ViewController.m */,
				716A54CD200F66FE00922596 /* Main.storyboard */,
				716A54D0200F66FE00922596 /* Assets.xcassets */,
				716A54D2200F66FE00922596 /* LaunchScreen.storyboard */,
				716A54D5200F66FE00922596 /* Info.plist */,
				716A54D6200F66FE00922596 /* main.m */,
			);
			path = SHTool;
			sourceTree = "<group>";
		};
		716A54E1200F6E8900922596 /* SHBase */ = {
			isa = PBXGroup;
			children = (
				711A0B52202D3D0A00385776 /* SHScan */,
				711F4E6B201B0F9E0021620E /* Function */,
				71068E1620184CBB003F93CA /* Base */,
				7173D49D2011BD46004C2A9D /* Resource */,
				7173D41820106D30004C2A9D /* Category */,
				7173D41120106D10004C2A9D /* Common */,
				7173D4A82011E44F004C2A9D /* SHBaseManager.h */,
				7173D4A92011E44F004C2A9D /* SHBaseManager.m */,
			);
			path = SHBase;
			sourceTree = "<group>";
		};
		716E3481202813D0005F4100 /* Apps */ = {
			isa = PBXGroup;
			children = (
				716E34852028143B005F4100 /* Modules */,
			);
			path = Apps;
			sourceTree = "<group>";
		};
		716E34852028143B005F4100 /* Modules */ = {
			isa = PBXGroup;
			children = (
				716E34862028143B005F4100 /* SHBaseTestVC.h */,
				716E34872028143B005F4100 /* SHBaseTestVC.m */,
			);
			path = Modules;
			sourceTree = "<group>";
		};
		7173D41120106D10004C2A9D /* Common */ = {
			isa = PBXGroup;
			children = (
				7173D41420106D10004C2A9D /* SHBaseViewController.h */,
				7173D41220106D10004C2A9D /* SHBaseViewController.m */,
				7173D41320106D10004C2A9D /* SHBaseToast.m */,
				7173D41520106D10004C2A9D /* SHBaseToast.h */,
				7173D49A2011B42B004C2A9D /* SHBaseAlert.h */,
				7173D49B2011B42B004C2A9D /* SHBaseAlert.m */,
				7173D4AB2011E68D004C2A9D /* SHBasePicker.h */,
				7173D4AC2011E68D004C2A9D /* SHBasePicker.m */,
				7173D4A22011BF48004C2A9D /* SHBaseAddressPicker.h */,
				7173D4A32011BF48004C2A9D /* SHBaseAddressPicker.m */,
				71C460412015C78000DF9E3F /* SHBaseAreaPicker.h */,
				71C460422015C78000DF9E3F /* SHBaseAreaPicker.m */,
				711F4E80201B1A000021620E /* SHRightImageButton.h */,
				711F4E81201B1A000021620E /* SHRightImageButton.m */,
				71D2700E2021700100C709AB /* SHBaseKeyChain.h */,
				71D2700F2021700100C709AB /* SHBaseKeyChain.m */,
				71D270112021709000C709AB /* SHBaseTextField.h */,
				71D270122021709000C709AB /* SHBaseTextField.m */,
				71D270142021714E00C709AB /* SHBaseActionSheet.h */,
				71D270152021714E00C709AB /* SHBaseActionSheet.m */,
			);
			path = Common;
			sourceTree = "<group>";
		};
		7173D41820106D30004C2A9D /* Category */ = {
			isa = PBXGroup;
			children = (
				7173D41C2010714C004C2A9D /* UIView+XibExtension.h */,
				7173D41D2010714C004C2A9D /* UIView+XibExtension.m */,
				7173D41F20107DB9004C2A9D /* UIColor+SHExtension.h */,
				7173D42020107DB9004C2A9D /* UIColor+SHExtension.m */,
				7173D44820109B20004C2A9D /* UITableViewCell+SHExtension.h */,
				7173D44920109B20004C2A9D /* UITableViewCell+SHExtension.m */,
				7173D44B20109C9A004C2A9D /* UICollectionViewCell+SHExtension.h */,
				7173D44C20109C9A004C2A9D /* UICollectionViewCell+SHExtension.m */,
			);
			path = Category;
			sourceTree = "<group>";
		};
		7173D49D2011BD46004C2A9D /* Resource */ = {
			isa = PBXGroup;
			children = (
				711F4E83201B1BE20021620E /* Images */,
				71068DC82016E821003F93CA /* CCA.plist */,
			);
			path = Resource;
			sourceTree = "<group>";
		};
		99D90F756B37D19DBFF8FB55 /* Frameworks */ = {
			isa = PBXGroup;
			children = (
				716E32712021BB16005F4100 /* Security.framework */,
				716A54E9200F761B00922596 /* UIKit.framework */,
				573EF6E0790454F7C93EE809 /* libPods-SHTool.a */,
			);
			name = Frameworks;
			sourceTree = "<group>";
		};
		D964057CF2190CFCE700C083 /* Pods */ = {
			isa = PBXGroup;
			children = (
				8622654B3B859312F272DFFE /* Pods-SHTool.debug.xcconfig */,
				F1A3EFCE0ABD18F5032D4AB0 /* Pods-SHTool.release.xcconfig */,
			);
			name = Pods;
			sourceTree = "<group>";
		};
/* End PBXGroup section */

/* Begin PBXNativeTarget section */
		716A54C3200F66FE00922596 /* SHTool */ = {
			isa = PBXNativeTarget;
			buildConfigurationList = 716A54DA200F66FE00922596 /* Build configuration list for PBXNativeTarget "SHTool" */;
			buildPhases = (
				F473429904389015668D63E4 /* [CP] Check Pods Manifest.lock */,
				716A54C0200F66FE00922596 /* Sources */,
				716A54C1200F66FE00922596 /* Frameworks */,
				716A54C2200F66FE00922596 /* Resources */,
				A83C9E5E529902D1F643D6A2 /* [CP] Embed Pods Frameworks */,
				69695F09F8EEA084BCF0098C /* [CP] Copy Pods Resources */,
			);
			buildRules = (
			);
			dependencies = (
			);
			name = SHTool;
			productName = SHTool;
			productReference = 716A54C4200F66FE00922596 /* SHTool.app */;
			productType = "com.apple.product-type.application";
		};
/* End PBXNativeTarget section */

/* Begin PBXProject section */
		716A54BC200F66FE00922596 /* Project object */ = {
			isa = PBXProject;
			attributes = {
				LastUpgradeCheck = 0920;
				ORGANIZATIONNAME = "郑浩";
				TargetAttributes = {
					716A54C3200F66FE00922596 = {
						CreatedOnToolsVersion = 9.2;
						ProvisioningStyle = Automatic;
					};
				};
			};
			buildConfigurationList = 716A54BF200F66FE00922596 /* Build configuration list for PBXProject "SHTool" */;
			compatibilityVersion = "Xcode 8.0";
			developmentRegion = en;
			hasScannedForEncodings = 0;
			knownRegions = (
				en,
				Base,
			);
			mainGroup = 716A54BB200F66FE00922596;
			productRefGroup = 716A54C5200F66FE00922596 /* Products */;
			projectDirPath = "";
			projectRoot = "";
			targets = (
				716A54C3200F66FE00922596 /* SHTool */,
			);
		};
/* End PBXProject section */

/* Begin PBXResourcesBuildPhase section */
		716A54C2200F66FE00922596 /* Resources */ = {
			isa = PBXResourcesBuildPhase;
			buildActionMask = 2147483647;
			files = (
				711F4E93201EBC4B0021620E /* sh_image_selected@2x.png in Resources */,
				711F4F1C201EF4640021620E /* sh_image_camera@3x.png in Resources */,
				716A54D4200F66FE00922596 /* LaunchScreen.storyboard in Resources */,
				711F4E90201EBC4B0021620E /* sh_image_unselect@2x.png in Resources */,
				711F4E8A201EBB860021620E /* sh_back_arrow@2x.png in Resources */,
				711F4E7C201B151C0021620E /* SHListAlbumCell.xib in Resources */,
				711F4E8B201EBB860021620E /* sh_back_arrow@3x.png in Resources */,
				711F4E77201B149C0021620E /* SHPhotoCell.xib in Resources */,
				711F4F1D201EF4640021620E /* sh_image_camera@2x.png in Resources */,
				71068DC92016E821003F93CA /* CCA.plist in Resources */,
				711A0B57202D4ACB00385776 /* sh_scan_bg_image@2x.png in Resources */,
				711F4E91201EBC4B0021620E /* sh_image_selected@3x.png in Resources */,
				711F4E87201B1BE20021620E /* sh_photo_title_down@3x.png in Resources */,
				716A54D1200F66FE00922596 /* Assets.xcassets in Resources */,
				711F4E86201B1BE20021620E /* sh_photo_title_down@2x.png in Resources */,
				711F4E92201EBC4B0021620E /* sh_image_unselect@3x.png in Resources */,
				711A0B59202D4AEF00385776 /* sh_scan_line_image@2x.png in Resources */,
				716A54CF200F66FE00922596 /* Main.storyboard in Resources */,
			);
			runOnlyForDeploymentPostprocessing = 0;
		};
/* End PBXResourcesBuildPhase section */

/* Begin PBXShellScriptBuildPhase section */
		69695F09F8EEA084BCF0098C /* [CP] Copy Pods Resources */ = {
			isa = PBXShellScriptBuildPhase;
			buildActionMask = 2147483647;
			files = (
			);
			inputPaths = (
			);
			name = "[CP] Copy Pods Resources";
			outputPaths = (
			);
			runOnlyForDeploymentPostprocessing = 0;
			shellPath = /bin/sh;
			shellScript = "\"${SRCROOT}/Pods/Target Support Files/Pods-SHTool/Pods-SHTool-resources.sh\"\n";
			showEnvVarsInLog = 0;
		};
		A83C9E5E529902D1F643D6A2 /* [CP] Embed Pods Frameworks */ = {
			isa = PBXShellScriptBuildPhase;
			buildActionMask = 2147483647;
			files = (
			);
			inputPaths = (
			);
			name = "[CP] Embed Pods Frameworks";
			outputPaths = (
			);
			runOnlyForDeploymentPostprocessing = 0;
			shellPath = /bin/sh;
			shellScript = "\"${SRCROOT}/Pods/Target Support Files/Pods-SHTool/Pods-SHTool-frameworks.sh\"\n";
			showEnvVarsInLog = 0;
		};
		F473429904389015668D63E4 /* [CP] Check Pods Manifest.lock */ = {
			isa = PBXShellScriptBuildPhase;
			buildActionMask = 2147483647;
			files = (
			);
			inputPaths = (
				"${PODS_PODFILE_DIR_PATH}/Podfile.lock",
				"${PODS_ROOT}/Manifest.lock",
			);
			name = "[CP] Check Pods Manifest.lock";
			outputPaths = (
				"$(DERIVED_FILE_DIR)/Pods-SHTool-checkManifestLockResult.txt",
			);
			runOnlyForDeploymentPostprocessing = 0;
			shellPath = /bin/sh;
			shellScript = "diff \"${PODS_PODFILE_DIR_PATH}/Podfile.lock\" \"${PODS_ROOT}/Manifest.lock\" > /dev/null\nif [ $? != 0 ] ; then\n    # print error to STDERR\n    echo \"error: The sandbox is not in sync with the Podfile.lock. Run 'pod install' or update your CocoaPods installation.\" >&2\n    exit 1\nfi\n# This output is used by Xcode 'outputs' to avoid re-running this script phase.\necho \"SUCCESS\" > \"${SCRIPT_OUTPUT_FILE_0}\"\n";
			showEnvVarsInLog = 0;
		};
/* End PBXShellScriptBuildPhase section */

/* Begin PBXSourcesBuildPhase section */
		716A54C0200F66FE00922596 /* Sources */ = {
			isa = PBXSourcesBuildPhase;
			buildActionMask = 2147483647;
			files = (
				7173D44D20109C9A004C2A9D /* UICollectionViewCell+SHExtension.m in Sources */,
				716A54CC200F66FE00922596 /* ViewController.m in Sources */,
				711F4E72201B108C0021620E /* SHPhotoVC.m in Sources */,
				711F4E82201B1A000021620E /* SHRightImageButton.m in Sources */,
				71C460432015C78000DF9E3F /* SHBaseAreaPicker.m in Sources */,
				711F4E76201B149C0021620E /* SHPhotoCell.m in Sources */,
				7173D42120107DB9004C2A9D /* UIColor+SHExtension.m in Sources */,
				7173D41E2010714C004C2A9D /* UIView+XibExtension.m in Sources */,
				711F4E7B201B151C0021620E /* SHListAlbumCell.m in Sources */,
				716A54D7200F66FE00922596 /* main.m in Sources */,
				711F4E6F201B0FCF0021620E /* SHPhotoHelper.m in Sources */,
				716E32A02022B1CE005F4100 /* SHCartAnimationTool.m in Sources */,
				71D270132021709000C709AB /* SHBaseTextField.m in Sources */,
				7173D4A42011BF48004C2A9D /* SHBaseAddressPicker.m in Sources */,
				7173D44A20109B20004C2A9D /* UITableViewCell+SHExtension.m in Sources */,
				7173D49C2011B42B004C2A9D /* SHBaseAlert.m in Sources */,
				7173D41620106D10004C2A9D /* SHBaseViewController.m in Sources */,
				711A0B55202D432200385776 /* SHQRCodeVC.m in Sources */,
				71D270162021714E00C709AB /* SHBaseActionSheet.m in Sources */,
				7173D4AD2011E68D004C2A9D /* SHBasePicker.m in Sources */,
				71D270102021700100C709AB /* SHBaseKeyChain.m in Sources */,
				716E34882028143B005F4100 /* SHBaseTestVC.m in Sources */,
				71068E1920184CC7003F93CA /* SHTool.m in Sources */,
				711F4E7F201B157E0021620E /* SHBaseAlbum.m in Sources */,
				7173D41720106D10004C2A9D /* SHBaseToast.m in Sources */,
				716A54C9200F66FE00922596 /* AppDelegate.m in Sources */,
				711F4E41201AC6C30021620E /* SHAudioSessionTool.m in Sources */,
				7173D4AA2011E44F004C2A9D /* SHBaseManager.m in Sources */,
			);
			runOnlyForDeploymentPostprocessing = 0;
		};
/* End PBXSourcesBuildPhase section */

/* Begin PBXVariantGroup section */
		716A54CD200F66FE00922596 /* Main.storyboard */ = {
			isa = PBXVariantGroup;
			children = (
				716A54CE200F66FE00922596 /* Base */,
			);
			name = Main.storyboard;
			sourceTree = "<group>";
		};
		716A54D2200F66FE00922596 /* LaunchScreen.storyboard */ = {
			isa = PBXVariantGroup;
			children = (
				716A54D3200F66FE00922596 /* Base */,
			);
			name = LaunchScreen.storyboard;
			sourceTree = "<group>";
		};
/* End PBXVariantGroup section */

/* Begin XCBuildConfiguration section */
		716A54D8200F66FE00922596 /* Debug */ = {
			isa = XCBuildConfiguration;
			buildSettings = {
				ALWAYS_SEARCH_USER_PATHS = NO;
				CLANG_ANALYZER_NONNULL = YES;
				CLANG_ANALYZER_NUMBER_OBJECT_CONVERSION = YES_AGGRESSIVE;
				CLANG_CXX_LANGUAGE_STANDARD = "gnu++14";
				CLANG_CXX_LIBRARY = "libc++";
				CLANG_ENABLE_MODULES = YES;
				CLANG_ENABLE_OBJC_ARC = YES;
				CLANG_WARN_BLOCK_CAPTURE_AUTORELEASING = YES;
				CLANG_WARN_BOOL_CONVERSION = YES;
				CLANG_WARN_COMMA = YES;
				CLANG_WARN_CONSTANT_CONVERSION = YES;
				CLANG_WARN_DIRECT_OBJC_ISA_USAGE = YES_ERROR;
				CLANG_WARN_DOCUMENTATION_COMMENTS = YES;
				CLANG_WARN_EMPTY_BODY = YES;
				CLANG_WARN_ENUM_CONVERSION = YES;
				CLANG_WARN_INFINITE_RECURSION = YES;
				CLANG_WARN_INT_CONVERSION = YES;
				CLANG_WARN_NON_LITERAL_NULL_CONVERSION = YES;
				CLANG_WARN_OBJC_LITERAL_CONVERSION = YES;
				CLANG_WARN_OBJC_ROOT_CLASS = YES_ERROR;
				CLANG_WARN_RANGE_LOOP_ANALYSIS = YES;
				CLANG_WARN_STRICT_PROTOTYPES = YES;
				CLANG_WARN_SUSPICIOUS_MOVE = YES;
				CLANG_WARN_UNGUARDED_AVAILABILITY = YES_AGGRESSIVE;
				CLANG_WARN_UNREACHABLE_CODE = YES;
				CLANG_WARN__DUPLICATE_METHOD_MATCH = YES;
				CODE_SIGN_IDENTITY = "iPhone Developer";
				COPY_PHASE_STRIP = NO;
				DEBUG_INFORMATION_FORMAT = dwarf;
				ENABLE_STRICT_OBJC_MSGSEND = YES;
				ENABLE_TESTABILITY = YES;
				GCC_C_LANGUAGE_STANDARD = gnu11;
				GCC_DYNAMIC_NO_PIC = NO;
				GCC_NO_COMMON_BLOCKS = YES;
				GCC_OPTIMIZATION_LEVEL = 0;
				GCC_PREPROCESSOR_DEFINITIONS = (
					"DEBUG=1",
					"$(inherited)",
				);
				GCC_WARN_64_TO_32_BIT_CONVERSION = YES;
				GCC_WARN_ABOUT_RETURN_TYPE = YES_ERROR;
				GCC_WARN_UNDECLARED_SELECTOR = YES;
				GCC_WARN_UNINITIALIZED_AUTOS = YES_AGGRESSIVE;
				GCC_WARN_UNUSED_FUNCTION = YES;
				GCC_WARN_UNUSED_VARIABLE = YES;
				IPHONEOS_DEPLOYMENT_TARGET = 8.0;
				MTL_ENABLE_DEBUG_INFO = YES;
				ONLY_ACTIVE_ARCH = YES;
				SDKROOT = iphoneos;
			};
			name = Debug;
		};
		716A54D9200F66FE00922596 /* Release */ = {
			isa = XCBuildConfiguration;
			buildSettings = {
				ALWAYS_SEARCH_USER_PATHS = NO;
				CLANG_ANALYZER_NONNULL = YES;
				CLANG_ANALYZER_NUMBER_OBJECT_CONVERSION = YES_AGGRESSIVE;
				CLANG_CXX_LANGUAGE_STANDARD = "gnu++14";
				CLANG_CXX_LIBRARY = "libc++";
				CLANG_ENABLE_MODULES = YES;
				CLANG_ENABLE_OBJC_ARC = YES;
				CLANG_WARN_BLOCK_CAPTURE_AUTORELEASING = YES;
				CLANG_WARN_BOOL_CONVERSION = YES;
				CLANG_WARN_COMMA = YES;
				CLANG_WARN_CONSTANT_CONVERSION = YES;
				CLANG_WARN_DIRECT_OBJC_ISA_USAGE = YES_ERROR;
				CLANG_WARN_DOCUMENTATION_COMMENTS = YES;
				CLANG_WARN_EMPTY_BODY = YES;
				CLANG_WARN_ENUM_CONVERSION = YES;
				CLANG_WARN_INFINITE_RECURSION = YES;
				CLANG_WARN_INT_CONVERSION = YES;
				CLANG_WARN_NON_LITERAL_NULL_CONVERSION = YES;
				CLANG_WARN_OBJC_LITERAL_CONVERSION = YES;
				CLANG_WARN_OBJC_ROOT_CLASS = YES_ERROR;
				CLANG_WARN_RANGE_LOOP_ANALYSIS = YES;
				CLANG_WARN_STRICT_PROTOTYPES = YES;
				CLANG_WARN_SUSPICIOUS_MOVE = YES;
				CLANG_WARN_UNGUARDED_AVAILABILITY = YES_AGGRESSIVE;
				CLANG_WARN_UNREACHABLE_CODE = YES;
				CLANG_WARN__DUPLICATE_METHOD_MATCH = YES;
				CODE_SIGN_IDENTITY = "iPhone Developer";
				COPY_PHASE_STRIP = NO;
				DEBUG_INFORMATION_FORMAT = "dwarf-with-dsym";
				ENABLE_NS_ASSERTIONS = NO;
				ENABLE_STRICT_OBJC_MSGSEND = YES;
				GCC_C_LANGUAGE_STANDARD = gnu11;
				GCC_NO_COMMON_BLOCKS = YES;
				GCC_WARN_64_TO_32_BIT_CONVERSION = YES;
				GCC_WARN_ABOUT_RETURN_TYPE = YES_ERROR;
				GCC_WARN_UNDECLARED_SELECTOR = YES;
				GCC_WARN_UNINITIALIZED_AUTOS = YES_AGGRESSIVE;
				GCC_WARN_UNUSED_FUNCTION = YES;
				GCC_WARN_UNUSED_VARIABLE = YES;
				IPHONEOS_DEPLOYMENT_TARGET = 8.0;
				MTL_ENABLE_DEBUG_INFO = NO;
				SDKROOT = iphoneos;
				VALIDATE_PRODUCT = YES;
			};
			name = Release;
		};
		716A54DB200F66FE00922596 /* Debug */ = {
			isa = XCBuildConfiguration;
			baseConfigurationReference = 8622654B3B859312F272DFFE /* Pods-SHTool.debug.xcconfig */;
			buildSettings = {
				ASSETCATALOG_COMPILER_APPICON_NAME = AppIcon;
				CODE_SIGN_STYLE = Automatic;
				DEVELOPMENT_TEAM = F6CYAWT7QB;
				INFOPLIST_FILE = SHTool/Info.plist;
				LD_RUNPATH_SEARCH_PATHS = "$(inherited) @executable_path/Frameworks";
				PRODUCT_BUNDLE_IDENTIFIER = com.senyuhao.SHTool;
				PRODUCT_NAME = "$(TARGET_NAME)";
				TARGETED_DEVICE_FAMILY = 1;
			};
			name = Debug;
		};
		716A54DC200F66FE00922596 /* Release */ = {
			isa = XCBuildConfiguration;
			baseConfigurationReference = F1A3EFCE0ABD18F5032D4AB0 /* Pods-SHTool.release.xcconfig */;
			buildSettings = {
				ASSETCATALOG_COMPILER_APPICON_NAME = AppIcon;
				CODE_SIGN_STYLE = Automatic;
				DEVELOPMENT_TEAM = F6CYAWT7QB;
				INFOPLIST_FILE = SHTool/Info.plist;
				LD_RUNPATH_SEARCH_PATHS = "$(inherited) @executable_path/Frameworks";
				PRODUCT_BUNDLE_IDENTIFIER = com.senyuhao.SHTool;
				PRODUCT_NAME = "$(TARGET_NAME)";
				TARGETED_DEVICE_FAMILY = 1;
			};
			name = Release;
		};
/* End XCBuildConfiguration section */

/* Begin XCConfigurationList section */
		716A54BF200F66FE00922596 /* Build configuration list for PBXProject "SHTool" */ = {
			isa = XCConfigurationList;
			buildConfigurations = (
				716A54D8200F66FE00922596 /* Debug */,
				716A54D9200F66FE00922596 /* Release */,
			);
			defaultConfigurationIsVisible = 0;
			defaultConfigurationName = Release;
		};
		716A54DA200F66FE00922596 /* Build configuration list for PBXNativeTarget "SHTool" */ = {
			isa = XCConfigurationList;
			buildConfigurations = (
				716A54DB200F66FE00922596 /* Debug */,
				716A54DC200F66FE00922596 /* Release */,
			);
			defaultConfigurationIsVisible = 0;
			defaultConfigurationName = Release;
		};
/* End XCConfigurationList section */
	};
	rootObject = 716A54BC200F66FE00922596 /* Project object */;
}
